// !$*UTF8*$!
{
	archiveVersion = 1;
	classes = {
	};
	objectVersion = 56;
	objects = {

/* Begin PBXBuildFile section */
		AF0209982C61828100D91041 /* weaterDenemeApp.swift in Sources */ = {isa = PBXBuildFile; fileRef = AF0209972C61828100D91041 /* weaterDenemeApp.swift */; };
		AF02099A2C61828100D91041 /* ContentView.swift in Sources */ = {isa = PBXBuildFile; fileRef = AF0209992C61828100D91041 /* ContentView.swift */; };
		AF02099C2C61828300D91041 /* Assets.xcassets in Resources */ = {isa = PBXBuildFile; fileRef = AF02099B2C61828300D91041 /* Assets.xcassets */; };
		AF02099F2C61828300D91041 /* Preview Assets.xcassets in Resources */ = {isa = PBXBuildFile; fileRef = AF02099E2C61828300D91041 /* Preview Assets.xcassets */; };
		AF0209A92C61828300D91041 /* weaterDenemeTests.swift in Sources */ = {isa = PBXBuildFile; fileRef = AF0209A82C61828300D91041 /* weaterDenemeTests.swift */; };
		AF0209B32C61828300D91041 /* weaterDenemeUITests.swift in Sources */ = {isa = PBXBuildFile; fileRef = AF0209B22C61828300D91041 /* weaterDenemeUITests.swift */; };
		AF0209B52C61828300D91041 /* weaterDenemeUITestsLaunchTests.swift in Sources */ = {isa = PBXBuildFile; fileRef = AF0209B42C61828300D91041 /* weaterDenemeUITestsLaunchTests.swift */; };
		AF0209C22C61830300D91041 /* weaterAPI.swift in Sources */ = {isa = PBXBuildFile; fileRef = AF0209C12C61830300D91041 /* weaterAPI.swift */; };
		AF0209C42C61834500D91041 /* weaterStore.swift in Sources */ = {isa = PBXBuildFile; fileRef = AF0209C32C61834400D91041 /* weaterStore.swift */; };
		AF0209C62C61835400D91041 /* weater.swift in Sources */ = {isa = PBXBuildFile; fileRef = AF0209C52C61835400D91041 /* weater.swift */; };
		AF0209C82C6195FB00D91041 /* PlovdivScreen.swift in Sources */ = {isa = PBXBuildFile; fileRef = AF0209C72C6195FB00D91041 /* PlovdivScreen.swift */; };
		AF0209CA2C619EA700D91041 /* WeatherImageView.swift in Sources */ = {isa = PBXBuildFile; fileRef = AF0209C92C619EA700D91041 /* WeatherImageView.swift */; };
		AF0209CE2C619FE200D91041 /* OtherCityScreen.swift in Sources */ = {isa = PBXBuildFile; fileRef = AF0209CD2C619FE200D91041 /* OtherCityScreen.swift */; };
/* End PBXBuildFile section */

/* Begin PBXContainerItemProxy section */
		AF0209A52C61828300D91041 /* PBXContainerItemProxy */ = {
			isa = PBXContainerItemProxy;
			containerPortal = AF02098C2C61828100D91041 /* Project object */;
			proxyType = 1;
			remoteGlobalIDString = AF0209932C61828100D91041;
			remoteInfo = weaterDeneme;
		};
		AF0209AF2C61828300D91041 /* PBXContainerItemProxy */ = {
			isa = PBXContainerItemProxy;
			containerPortal = AF02098C2C61828100D91041 /* Project object */;
			proxyType = 1;
			remoteGlobalIDString = AF0209932C61828100D91041;
			remoteInfo = weaterDeneme;
		};
/* End PBXContainerItemProxy section */

/* Begin PBXFileReference section */
		AF0209942C61828100D91041 /* weaterDeneme.app */ = {isa = PBXFileReference; explicitFileType = wrapper.application; includeInIndex = 0; path = weaterDeneme.app; sourceTree = BUILT_PRODUCTS_DIR; };
		AF0209972C61828100D91041 /* weaterDenemeApp.swift */ = {isa = PBXFileReference; lastKnownFileType = sourcecode.swift; path = weaterDenemeApp.swift; sourceTree = "<group>"; };
		AF0209992C61828100D91041 /* ContentView.swift */ = {isa = PBXFileReference; lastKnownFileType = sourcecode.swift; path = ContentView.swift; sourceTree = "<group>"; };
		AF02099B2C61828300D91041 /* Assets.xcassets */ = {isa = PBXFileReference; lastKnownFileType = folder.assetcatalog; path = Assets.xcassets; sourceTree = "<group>"; };
		AF02099E2C61828300D91041 /* Preview Assets.xcassets */ = {isa = PBXFileReference; lastKnownFileType = folder.assetcatalog; path = "Preview Assets.xcassets"; sourceTree = "<group>"; };
		AF0209A42C61828300D91041 /* weaterDenemeTests.xctest */ = {isa = PBXFileReference; explicitFileType = wrapper.cfbundle; includeInIndex = 0; path = weaterDenemeTests.xctest; sourceTree = BUILT_PRODUCTS_DIR; };
		AF0209A82C61828300D91041 /* weaterDenemeTests.swift */ = {isa = PBXFileReference; lastKnownFileType = sourcecode.swift; path = weaterDenemeTests.swift; sourceTree = "<group>"; };
		AF0209AE2C61828300D91041 /* weaterDenemeUITests.xctest */ = {isa = PBXFileReference; explicitFileType = wrapper.cfbundle; includeInIndex = 0; path = weaterDenemeUITests.xctest; sourceTree = BUILT_PRODUCTS_DIR; };
		AF0209B22C61828300D91041 /* weaterDenemeUITests.swift */ = {isa = PBXFileReference; lastKnownFileType = sourcecode.swift; path = weaterDenemeUITests.swift; sourceTree = "<group>"; };
		AF0209B42C61828300D91041 /* weaterDenemeUITestsLaunchTests.swift */ = {isa = PBXFileReference; lastKnownFileType = sourcecode.swift; path = weaterDenemeUITestsLaunchTests.swift; sourceTree = "<group>"; };
		AF0209C12C61830300D91041 /* weaterAPI.swift */ = {isa = PBXFileReference; lastKnownFileType = sourcecode.swift; path = weaterAPI.swift; sourceTree = "<group>"; };
		AF0209C32C61834400D91041 /* weaterStore.swift */ = {isa = PBXFileReference; lastKnownFileType = sourcecode.swift; path = weaterStore.swift; sourceTree = "<group>"; };
		AF0209C52C61835400D91041 /* weater.swift */ = {isa = PBXFileReference; lastKnownFileType = sourcecode.swift; path = weater.swift; sourceTree = "<group>"; };
		AF0209C72C6195FB00D91041 /* PlovdivScreen.swift */ = {isa = PBXFileReference; lastKnownFileType = sourcecode.swift; path = PlovdivScreen.swift; sourceTree = "<group>"; };
		AF0209C92C619EA700D91041 /* WeatherImageView.swift */ = {isa = PBXFileReference; lastKnownFileType = sourcecode.swift; path = WeatherImageView.swift; sourceTree = "<group>"; };
		AF0209CD2C619FE200D91041 /* OtherCityScreen.swift */ = {isa = PBXFileReference; lastKnownFileType = sourcecode.swift; path = OtherCityScreen.swift; sourceTree = "<group>"; };
/* End PBXFileReference section */

/* Begin PBXFrameworksBuildPhase section */
		AF0209912C61828100D91041 /* Frameworks */ = {
			isa = PBXFrameworksBuildPhase;
			buildActionMask = 2147483647;
			files = (
			);
			runOnlyForDeploymentPostprocessing = 0;
		};
		AF0209A12C61828300D91041 /* Frameworks */ = {
			isa = PBXFrameworksBuildPhase;
			buildActionMask = 2147483647;
			files = (
			);
			runOnlyForDeploymentPostprocessing = 0;
		};
		AF0209AB2C61828300D91041 /* Frameworks */ = {
			isa = PBXFrameworksBuildPhase;
			buildActionMask = 2147483647;
			files = (
			);
			runOnlyForDeploymentPostprocessing = 0;
		};
/* End PBXFrameworksBuildPhase section */

/* Begin PBXGroup section */
		AF02098B2C61828100D91041 = {
			isa = PBXGroup;
			children = (
				AF0209962C61828100D91041 /* weaterDeneme */,
				AF0209A72C61828300D91041 /* weaterDenemeTests */,
				AF0209B12C61828300D91041 /* weaterDenemeUITests */,
				AF0209952C61828100D91041 /* Products */,
			);
			sourceTree = "<group>";
		};
		AF0209952C61828100D91041 /* Products */ = {
			isa = PBXGroup;
			children = (
				AF0209942C61828100D91041 /* weaterDeneme.app */,
				AF0209A42C61828300D91041 /* weaterDenemeTests.xctest */,
				AF0209AE2C61828300D91041 /* weaterDenemeUITests.xctest */,
			);
			name = Products;
			sourceTree = "<group>";
		};
		AF0209962C61828100D91041 /* weaterDeneme */ = {
			isa = PBXGroup;
			children = (
				AF0209972C61828100D91041 /* weaterDenemeApp.swift */,
				AF0209992C61828100D91041 /* ContentView.swift */,
				AF0209C92C619EA700D91041 /* WeatherImageView.swift */,
				AF0209C72C6195FB00D91041 /* PlovdivScreen.swift */,
				AF0209C12C61830300D91041 /* weaterAPI.swift */,
				AF0209CD2C619FE200D91041 /* OtherCityScreen.swift */,
				AF0209C32C61834400D91041 /* weaterStore.swift */,
				AF0209C52C61835400D91041 /* weater.swift */,
				AF02099B2C61828300D91041 /* Assets.xcassets */,
				AF02099D2C61828300D91041 /* Preview Content */,
			);
			path = weaterDeneme;
			sourceTree = "<group>";
		};
		AF02099D2C61828300D91041 /* Preview Content */ = {
			isa = PBXGroup;
			children = (
				AF02099E2C61828300D91041 /* Preview Assets.xcassets */,
			);
			path = "Preview Content";
			sourceTree = "<group>";
		};
		AF0209A72C61828300D91041 /* weaterDenemeTests */ = {
			isa = PBXGroup;
			children = (
				AF0209A82C61828300D91041 /* weaterDenemeTests.swift */,
			);
			path = weaterDenemeTests;
			sourceTree = "<group>";
		};
		AF0209B12C61828300D91041 /* weaterDenemeUITests */ = {
			isa = PBXGroup;
			children = (
				AF0209B22C61828300D91041 /* weaterDenemeUITests.swift */,
				AF0209B42C61828300D91041 /* weaterDenemeUITestsLaunchTests.swift */,
			);
			path = weaterDenemeUITests;
			sourceTree = "<group>";
		};
/* End PBXGroup section */

/* Begin PBXNativeTarget section */
		AF0209932C61828100D91041 /* weaterDeneme */ = {
			isa = PBXNativeTarget;
			buildConfigurationList = AF0209B82C61828300D91041 /* Build configuration list for PBXNativeTarget "weaterDeneme" */;
			buildPhases = (
				AF0209902C61828100D91041 /* Sources */,
				AF0209912C61828100D91041 /* Frameworks */,
				AF0209922C61828100D91041 /* Resources */,
			);
			buildRules = (
			);
			dependencies = (
			);
			name = weaterDeneme;
			productName = weaterDeneme;
			productReference = AF0209942C61828100D91041 /* weaterDeneme.app */;
			productType = "com.apple.product-type.application";
		};
		AF0209A32C61828300D91041 /* weaterDenemeTests */ = {
			isa = PBXNativeTarget;
			buildConfigurationList = AF0209BB2C61828300D91041 /* Build configuration list for PBXNativeTarget "weaterDenemeTests" */;
			buildPhases = (
				AF0209A02C61828300D91041 /* Sources */,
				AF0209A12C61828300D91041 /* Frameworks */,
				AF0209A22C61828300D91041 /* Resources */,
			);
			buildRules = (
			);
			dependencies = (
				AF0209A62C61828300D91041 /* PBXTargetDependency */,
			);
			name = weaterDenemeTests;
			productName = weaterDenemeTests;
			productReference = AF0209A42C61828300D91041 /* weaterDenemeTests.xctest */;
			productType = "com.apple.product-type.bundle.unit-test";
		};
		AF0209AD2C61828300D91041 /* weaterDenemeUITests */ = {
			isa = PBXNativeTarget;
			buildConfigurationList = AF0209BE2C61828300D91041 /* Build configuration list for PBXNativeTarget "weaterDenemeUITests" */;
			buildPhases = (
				AF0209AA2C61828300D91041 /* Sources */,
				AF0209AB2C61828300D91041 /* Frameworks */,
				AF0209AC2C61828300D91041 /* Resources */,
			);
			buildRules = (
			);
			dependencies = (
				AF0209B02C61828300D91041 /* PBXTargetDependency */,
			);
			name = weaterDenemeUITests;
			productName = weaterDenemeUITests;
			productReference = AF0209AE2C61828300D91041 /* weaterDenemeUITests.xctest */;
			productType = "com.apple.product-type.bundle.ui-testing";
		};
/* End PBXNativeTarget section */

/* Begin PBXProject section */
		AF02098C2C61828100D91041 /* Project object */ = {
			isa = PBXProject;
			attributes = {
				BuildIndependentTargetsInParallel = 1;
				LastSwiftUpdateCheck = 1500;
				LastUpgradeCheck = 1500;
				TargetAttributes = {
					AF0209932C61828100D91041 = {
						CreatedOnToolsVersion = 15.0.1;
					};
					AF0209A32C61828300D91041 = {
						CreatedOnToolsVersion = 15.0.1;
						TestTargetID = AF0209932C61828100D91041;
					};
					AF0209AD2C61828300D91041 = {
						CreatedOnToolsVersion = 15.0.1;
						TestTargetID = AF0209932C61828100D91041;
					};
				};
			};
			buildConfigurationList = AF02098F2C61828100D91041 /* Build configuration list for PBXProject "weaterDeneme" */;
			compatibilityVersion = "Xcode 14.0";
			developmentRegion = en;
			hasScannedForEncodings = 0;
			knownRegions = (
				en,
				Base,
			);
			mainGroup = AF02098B2C61828100D91041;
			productRefGroup = AF0209952C61828100D91041 /* Products */;
			projectDirPath = "";
			projectRoot = "";
			targets = (
				AF0209932C61828100D91041 /* weaterDeneme */,
				AF0209A32C61828300D91041 /* weaterDenemeTests */,
				AF0209AD2C61828300D91041 /* weaterDenemeUITests */,
			);
		};
/* End PBXProject section */

/* Begin PBXResourcesBuildPhase section */
		AF0209922C61828100D91041 /* Resources */ = {
			isa = PBXResourcesBuildPhase;
			buildActionMask = 2147483647;
			files = (
				AF02099F2C61828300D91041 /* Preview Assets.xcassets in Resources */,
				AF02099C2C61828300D91041 /* Assets.xcassets in Resources */,
			);
			runOnlyForDeploymentPostprocessing = 0;
		};
		AF0209A22C61828300D91041 /* Resources */ = {
			isa = PBXResourcesBuildPhase;
			buildActionMask = 2147483647;
			files = (
			);
			runOnlyForDeploymentPostprocessing = 0;
		};
		AF0209AC2C61828300D91041 /* Resources */ = {
			isa = PBXResourcesBuildPhase;
			buildActionMask = 2147483647;
			files = (
			);
			runOnlyForDeploymentPostprocessing = 0;
		};
/* End PBXResourcesBuildPhase section */

/* Begin PBXSourcesBuildPhase section */
		AF0209902C61828100D91041 /* Sources */ = {
			isa = PBXSourcesBuildPhase;
			buildActionMask = 2147483647;
			files = (
				AF02099A2C61828100D91041 /* ContentView.swift in Sources */,
				AF0209C42C61834500D91041 /* weaterStore.swift in Sources */,
				AF0209C22C61830300D91041 /* weaterAPI.swift in Sources */,
				AF0209CE2C619FE200D91041 /* OtherCityScreen.swift in Sources */,
				AF0209982C61828100D91041 /* weaterDenemeApp.swift in Sources */,
				AF0209C82C6195FB00D91041 /* PlovdivScreen.swift in Sources */,
				AF0209CA2C619EA700D91041 /* WeatherImageView.swift in Sources */,
				AF0209C62C61835400D91041 /* weater.swift in Sources */,
			);
			runOnlyForDeploymentPostprocessing = 0;
		};
		AF0209A02C61828300D91041 /* Sources */ = {
			isa = PBXSourcesBuildPhase;
			buildActionMask = 2147483647;
			files = (
				AF0209A92C61828300D91041 /* weaterDenemeTests.swift in Sources */,
			);
			runOnlyForDeploymentPostprocessing = 0;
		};
		AF0209AA2C61828300D91041 /* Sources */ = {
			isa = PBXSourcesBuildPhase;
			buildActionMask = 2147483647;
			files = (
				AF0209B52C61828300D91041 /* weaterDenemeUITestsLaunchTests.swift in Sources */,
				AF0209B32C61828300D91041 /* weaterDenemeUITests.swift in Sources */,
			);
			runOnlyForDeploymentPostprocessing = 0;
		};
/* End PBXSourcesBuildPhase section */

/* Begin PBXTargetDependency section */
		AF0209A62C61828300D91041 /* PBXTargetDependency */ = {
			isa = PBXTargetDependency;
			target = AF0209932C61828100D91041 /* weaterDeneme */;
			targetProxy = AF0209A52C61828300D91041 /* PBXContainerItemProxy */;
		};
		AF0209B02C61828300D91041 /* PBXTargetDependency */ = {
			isa = PBXTargetDependency;
			target = AF0209932C61828100D91041 /* weaterDeneme */;
			targetProxy = AF0209AF2C61828300D91041 /* PBXContainerItemProxy */;
		};
/* End PBXTargetDependency section */

/* Begin XCBuildConfiguration section */
		AF0209B62C61828300D91041 /* Debug */ = {
			isa = XCBuildConfiguration;
			buildSettings = {
				ALWAYS_SEARCH_USER_PATHS = NO;
				ASSETCATALOG_COMPILER_GENERATE_SWIFT_ASSET_SYMBOL_EXTENSIONS = YES;
				CLANG_ANALYZER_NONNULL = YES;
				CLANG_ANALYZER_NUMBER_OBJECT_CONVERSION = YES_AGGRESSIVE;
				CLANG_CXX_LANGUAGE_STANDARD = "gnu++20";
				CLANG_ENABLE_MODULES = YES;
				CLANG_ENABLE_OBJC_ARC = YES;
				CLANG_ENABLE_OBJC_WEAK = YES;
				CLANG_WARN_BLOCK_CAPTURE_AUTORELEASING = YES;
				CLANG_WARN_BOOL_CONVERSION = YES;
				CLANG_WARN_COMMA = YES;
				CLANG_WARN_CONSTANT_CONVERSION = YES;
				CLANG_WARN_DEPRECATED_OBJC_IMPLEMENTATIONS = YES;
				CLANG_WARN_DIRECT_OBJC_ISA_USAGE = YES_ERROR;
				CLANG_WARN_DOCUMENTATION_COMMENTS = YES;
				CLANG_WARN_EMPTY_BODY = YES;
				CLANG_WARN_ENUM_CONVERSION = YES;
				CLANG_WARN_INFINITE_RECURSION = YES;
				CLANG_WARN_INT_CONVERSION = YES;
				CLANG_WARN_NON_LITERAL_NULL_CONVERSION = YES;
				CLANG_WARN_OBJC_IMPLICIT_RETAIN_SELF = YES;
				CLANG_WARN_OBJC_LITERAL_CONVERSION = YES;
				CLANG_WARN_OBJC_ROOT_CLASS = YES_ERROR;
				CLANG_WARN_QUOTED_INCLUDE_IN_FRAMEWORK_HEADER = YES;
				CLANG_WARN_RANGE_LOOP_ANALYSIS = YES;
				CLANG_WARN_STRICT_PROTOTYPES = YES;
				CLANG_WARN_SUSPICIOUS_MOVE = YES;
				CLANG_WARN_UNGUARDED_AVAILABILITY = YES_AGGRESSIVE;
				CLANG_WARN_UNREACHABLE_CODE = YES;
				CLANG_WARN__DUPLICATE_METHOD_MATCH = YES;
				COPY_PHASE_STRIP = NO;
				DEBUG_INFORMATION_FORMAT = dwarf;
				ENABLE_STRICT_OBJC_MSGSEND = YES;
				ENABLE_TESTABILITY = YES;
				ENABLE_USER_SCRIPT_SANDBOXING = YES;
				GCC_C_LANGUAGE_STANDARD = gnu17;
				GCC_DYNAMIC_NO_PIC = NO;
				GCC_NO_COMMON_BLOCKS = YES;
				GCC_OPTIMIZATION_LEVEL = 0;
				GCC_PREPROCESSOR_DEFINITIONS = (
					"DEBUG=1",
					"$(inherited)",
				);
				GCC_WARN_64_TO_32_BIT_CONVERSION = YES;
				GCC_WARN_ABOUT_RETURN_TYPE = YES_ERROR;
				GCC_WARN_UNDECLARED_SELECTOR = YES;
				GCC_WARN_UNINITIALIZED_AUTOS = YES_AGGRESSIVE;
				GCC_WARN_UNUSED_FUNCTION = YES;
				GCC_WARN_UNUSED_VARIABLE = YES;
				IPHONEOS_DEPLOYMENT_TARGET = 17.0;
				LOCALIZATION_PREFERS_STRING_CATALOGS = YES;
				MTL_ENABLE_DEBUG_INFO = INCLUDE_SOURCE;
				MTL_FAST_MATH = YES;
				ONLY_ACTIVE_ARCH = YES;
				SDKROOT = iphoneos;
				SWIFT_ACTIVE_COMPILATION_CONDITIONS = "DEBUG $(inherited)";
				SWIFT_OPTIMIZATION_LEVEL = "-Onone";
			};
			name = Debug;
		};
		AF0209B72C61828300D91041 /* Release */ = {
			isa = XCBuildConfiguration;
			buildSettings = {
				ALWAYS_SEARCH_USER_PATHS = NO;
				ASSETCATALOG_COMPILER_GENERATE_SWIFT_ASSET_SYMBOL_EXTENSIONS = YES;
				CLANG_ANALYZER_NONNULL = YES;
				CLANG_ANALYZER_NUMBER_OBJECT_CONVERSION = YES_AGGRESSIVE;
				CLANG_CXX_LANGUAGE_STANDARD = "gnu++20";
				CLANG_ENABLE_MODULES = YES;
				CLANG_ENABLE_OBJC_ARC = YES;
				CLANG_ENABLE_OBJC_WEAK = YES;
				CLANG_WARN_BLOCK_CAPTURE_AUTORELEASING = YES;
				CLANG_WARN_BOOL_CONVERSION = YES;
				CLANG_WARN_COMMA = YES;
				CLANG_WARN_CONSTANT_CONVERSION = YES;
				CLANG_WARN_DEPRECATED_OBJC_IMPLEMENTATIONS = YES;
				CLANG_WARN_DIRECT_OBJC_ISA_USAGE = YES_ERROR;
				CLANG_WARN_DOCUMENTATION_COMMENTS = YES;
				CLANG_WARN_EMPTY_BODY = YES;
				CLANG_WARN_ENUM_CONVERSION = YES;
				CLANG_WARN_INFINITE_RECURSION = YES;
				CLANG_WARN_INT_CONVERSION = YES;
				CLANG_WARN_NON_LITERAL_NULL_CONVERSION = YES;
				CLANG_WARN_OBJC_IMPLICIT_RETAIN_SELF = YES;
				CLANG_WARN_OBJC_LITERAL_CONVERSION = YES;
				CLANG_WARN_OBJC_ROOT_CLASS = YES_ERROR;
				CLANG_WARN_QUOTED_INCLUDE_IN_FRAMEWORK_HEADER = YES;
				CLANG_WARN_RANGE_LOOP_ANALYSIS = YES;
				CLANG_WARN_STRICT_PROTOTYPES = YES;
				CLANG_WARN_SUSPICIOUS_MOVE = YES;
				CLANG_WARN_UNGUARDED_AVAILABILITY = YES_AGGRESSIVE;
				CLANG_WARN_UNREACHABLE_CODE = YES;
				CLANG_WARN__DUPLICATE_METHOD_MATCH = YES;
				COPY_PHASE_STRIP = NO;
				DEBUG_INFORMATION_FORMAT = "dwarf-with-dsym";
				ENABLE_NS_ASSERTIONS = NO;
				ENABLE_STRICT_OBJC_MSGSEND = YES;
				ENABLE_USER_SCRIPT_SANDBOXING = YES;
				GCC_C_LANGUAGE_STANDARD = gnu17;
				GCC_NO_COMMON_BLOCKS = YES;
				GCC_WARN_64_TO_32_BIT_CONVERSION = YES;
				GCC_WARN_ABOUT_RETURN_TYPE = YES_ERROR;
				GCC_WARN_UNDECLARED_SELECTOR = YES;
				GCC_WARN_UNINITIALIZED_AUTOS = YES_AGGRESSIVE;
				GCC_WARN_UNUSED_FUNCTION = YES;
				GCC_WARN_UNUSED_VARIABLE = YES;
				IPHONEOS_DEPLOYMENT_TARGET = 17.0;
				LOCALIZATION_PREFERS_STRING_CATALOGS = YES;
				MTL_ENABLE_DEBUG_INFO = NO;
				MTL_FAST_MATH = YES;
				SDKROOT = iphoneos;
				SWIFT_COMPILATION_MODE = wholemodule;
				VALIDATE_PRODUCT = YES;
			};
			name = Release;
		};
		AF0209B92C61828300D91041 /* Debug */ = {
			isa = XCBuildConfiguration;
			buildSettings = {
				ASSETCATALOG_COMPILER_APPICON_NAME = AppIcon;
				ASSETCATALOG_COMPILER_GLOBAL_ACCENT_COLOR_NAME = AccentColor;
				CODE_SIGN_STYLE = Automatic;
				CURRENT_PROJECT_VERSION = 1;
				DEVELOPMENT_ASSET_PATHS = "\"weaterDeneme/Preview Content\"";
				DEVELOPMENT_TEAM = VKJKQ866Q8;
				ENABLE_PREVIEWS = YES;
				GENERATE_INFOPLIST_FILE = YES;
				INFOPLIST_KEY_UIApplicationSceneManifest_Generation = YES;
				INFOPLIST_KEY_UIApplicationSupportsIndirectInputEvents = YES;
				INFOPLIST_KEY_UILaunchScreen_Generation = YES;
				INFOPLIST_KEY_UISupportedInterfaceOrientations_iPad = "UIInterfaceOrientationPortrait UIInterfaceOrientationPortraitUpsideDown UIInterfaceOrientationLandscapeLeft UIInterfaceOrientationLandscapeRight";
				INFOPLIST_KEY_UISupportedInterfaceOrientations_iPhone = "UIInterfaceOrientationPortrait UIInterfaceOrientationLandscapeLeft UIInterfaceOrientationLandscapeRight";
				LD_RUNPATH_SEARCH_PATHS = (
					"$(inherited)",
					"@executable_path/Frameworks",
				);
				MARKETING_VERSION = 1.0;
				PRODUCT_BUNDLE_IDENTIFIER = com.MyFirstSwiftUIMusa.weaterDeneme;
				PRODUCT_NAME = "$(TARGET_NAME)";
				SWIFT_EMIT_LOC_STRINGS = YES;
				SWIFT_VERSION = 5.0;
				TARGETED_DEVICE_FAMILY = "1,2";
			};
			name = Debug;
		};
		AF0209BA2C61828300D91041 /* Release */ = {
			isa = XCBuildConfiguration;
			buildSettings = {
				ASSETCATALOG_COMPILER_APPICON_NAME = AppIcon;
				ASSETCATALOG_COMPILER_GLOBAL_ACCENT_COLOR_NAME = AccentColor;
				CODE_SIGN_STYLE = Automatic;
				CURRENT_PROJECT_VERSION = 1;
				DEVELOPMENT_ASSET_PATHS = "\"weaterDeneme/Preview Content\"";
				DEVELOPMENT_TEAM = VKJKQ866Q8;
				ENABLE_PREVIEWS = YES;
				GENERATE_INFOPLIST_FILE = YES;
				INFOPLIST_KEY_UIApplicationSceneManifest_Generation = YES;
				INFOPLIST_KEY_UIApplicationSupportsIndirectInputEvents = YES;
				INFOPLIST_KEY_UILaunchScreen_Generation = YES;
				INFOPLIST_KEY_UISupportedInterfaceOrientations_iPad = "UIInterfaceOrientationPortrait UIInterfaceOrientationPortraitUpsideDown UIInterfaceOrientationLandscapeLeft UIInterfaceOrientationLandscapeRight";
				INFOPLIST_KEY_UISupportedInterfaceOrientations_iPhone = "UIInterfaceOrientationPortrait UIInterfaceOrientationLandscapeLeft UIInterfaceOrientationLandscapeRight";
				LD_RUNPATH_SEARCH_PATHS = (
					"$(inherited)",
					"@executable_path/Frameworks",
				);
				MARKETING_VERSION = 1.0;
				PRODUCT_BUNDLE_IDENTIFIER = com.MyFirstSwiftUIMusa.weaterDeneme;
				PRODUCT_NAME = "$(TARGET_NAME)";
				SWIFT_EMIT_LOC_STRINGS = YES;
				SWIFT_VERSION = 5.0;
				TARGETED_DEVICE_FAMILY = "1,2";
			};
			name = Release;
		};
		AF0209BC2C61828300D91041 /* Debug */ = {
			isa = XCBuildConfiguration;
			buildSettings = {
				ALWAYS_EMBED_SWIFT_STANDARD_LIBRARIES = YES;
				BUNDLE_LOADER = "$(TEST_HOST)";
				CODE_SIGN_STYLE = Automatic;
				CURRENT_PROJECT_VERSION = 1;
				DEVELOPMENT_TEAM = VKJKQ866Q8;
				GENERATE_INFOPLIST_FILE = YES;
				IPHONEOS_DEPLOYMENT_TARGET = 17.0;
				MARKETING_VERSION = 1.0;
				PRODUCT_BUNDLE_IDENTIFIER = com.MyFirstSwiftUIMusa.weaterDenemeTests;
				PRODUCT_NAME = "$(TARGET_NAME)";
				SWIFT_EMIT_LOC_STRINGS = NO;
				SWIFT_VERSION = 5.0;
				TARGETED_DEVICE_FAMILY = "1,2";
				TEST_HOST = "$(BUILT_PRODUCTS_DIR)/weaterDeneme.app/$(BUNDLE_EXECUTABLE_FOLDER_PATH)/weaterDeneme";
			};
			name = Debug;
		};
		AF0209BD2C61828300D91041 /* Release */ = {
			isa = XCBuildConfiguration;
			buildSettings = {
				ALWAYS_EMBED_SWIFT_STANDARD_LIBRARIES = YES;
				BUNDLE_LOADER = "$(TEST_HOST)";
				CODE_SIGN_STYLE = Automatic;
				CURRENT_PROJECT_VERSION = 1;
				DEVELOPMENT_TEAM = VKJKQ866Q8;
				GENERATE_INFOPLIST_FILE = YES;
				IPHONEOS_DEPLOYMENT_TARGET = 17.0;
				MARKETING_VERSION = 1.0;
				PRODUCT_BUNDLE_IDENTIFIER = com.MyFirstSwiftUIMusa.weaterDenemeTests;
				PRODUCT_NAME = "$(TARGET_NAME)";
				SWIFT_EMIT_LOC_STRINGS = NO;
				SWIFT_VERSION = 5.0;
				TARGETED_DEVICE_FAMILY = "1,2";
				TEST_HOST = "$(BUILT_PRODUCTS_DIR)/weaterDeneme.app/$(BUNDLE_EXECUTABLE_FOLDER_PATH)/weaterDeneme";
			};
			name = Release;
		};
		AF0209BF2C61828300D91041 /* Debug */ = {
			isa = XCBuildConfiguration;
			buildSettings = {
				ALWAYS_EMBED_SWIFT_STANDARD_LIBRARIES = YES;
				CODE_SIGN_STYLE = Automatic;
				CURRENT_PROJECT_VERSION = 1;
				DEVELOPMENT_TEAM = VKJKQ866Q8;
				GENERATE_INFOPLIST_FILE = YES;
				MARKETING_VERSION = 1.0;
				PRODUCT_BUNDLE_IDENTIFIER = com.MyFirstSwiftUIMusa.weaterDenemeUITests;
				PRODUCT_NAME = "$(TARGET_NAME)";
				SWIFT_EMIT_LOC_STRINGS = NO;
				SWIFT_VERSION = 5.0;
				TARGETED_DEVICE_FAMILY = "1,2";
				TEST_TARGET_NAME = weaterDeneme;
			};
			name = Debug;
		};
		AF0209C02C61828300D91041 /* Release */ = {
			isa = XCBuildConfiguration;
			buildSettings = {
				ALWAYS_EMBED_SWIFT_STANDARD_LIBRARIES = YES;
				CODE_SIGN_STYLE = Automatic;
				CURRENT_PROJECT_VERSION = 1;
				DEVELOPMENT_TEAM = VKJKQ866Q8;
				GENERATE_INFOPLIST_FILE = YES;
				MARKETING_VERSION = 1.0;
				PRODUCT_BUNDLE_IDENTIFIER = com.MyFirstSwiftUIMusa.weaterDenemeUITests;
				PRODUCT_NAME = "$(TARGET_NAME)";
				SWIFT_EMIT_LOC_STRINGS = NO;
				SWIFT_VERSION = 5.0;
				TARGETED_DEVICE_FAMILY = "1,2";
				TEST_TARGET_NAME = weaterDeneme;
			};
			name = Release;
		};
/* End XCBuildConfiguration section */

/* Begin XCConfigurationList section */
		AF02098F2C61828100D91041 /* Build configuration list for PBXProject "weaterDeneme" */ = {
			isa = XCConfigurationList;
			buildConfigurations = (
				AF0209B62C61828300D91041 /* Debug */,
				AF0209B72C61828300D91041 /* Release */,
			);
			defaultConfigurationIsVisible = 0;
			defaultConfigurationName = Release;
		};
		AF0209B82C61828300D91041 /* Build configuration list for PBXNativeTarget "weaterDeneme" */ = {
			isa = XCConfigurationList;
			buildConfigurations = (
				AF0209B92C61828300D91041 /* Debug */,
				AF0209BA2C61828300D91041 /* Release */,
			);
			defaultConfigurationIsVisible = 0;
			defaultConfigurationName = Release;
		};
		AF0209BB2C61828300D91041 /* Build configuration list for PBXNativeTarget "weaterDenemeTests" */ = {
			isa = XCConfigurationList;
			buildConfigurations = (
				AF0209BC2C61828300D91041 /* Debug */,
				AF0209BD2C61828300D91041 /* Release */,
			);
			defaultConfigurationIsVisible = 0;
			defaultConfigurationName = Release;
		};
		AF0209BE2C61828300D91041 /* Build configuration list for PBXNativeTarget "weaterDenemeUITests" */ = {
			isa = XCConfigurationList;
			buildConfigurations = (
				AF0209BF2C61828300D91041 /* Debug */,
				AF0209C02C61828300D91041 /* Release */,
			);
			defaultConfigurationIsVisible = 0;
			defaultConfigurationName = Release;
		};
/* End XCConfigurationList section */
	};
	rootObject = AF02098C2C61828100D91041 /* Project object */;
}
